
Microsoft Visual Studio Solution File, Format Version 12.00
# Visual Studio 15
VisualStudioVersion = 15.0.28307.136
MinimumVisualStudioVersion = 10.0.40219.1
Project("{FAE04EC0-301F-11D3-BF4B-00C04F79EFBC}") = "WindowsFormsApp1", "WindowsFormsApp1\WindowsFormsApp1.csproj", "{F43C0F99-7503-4499-865A-AADC407C3D19}"
EndProject
Global
	GlobalSection(SolutionConfigurationPlatforms) = preSolution
		Debug|Any CPU = Debug|Any CPU
		Release|Any CPU = Release|Any CPU
	EndGlobalSection
	GlobalSection(ProjectConfigurationPlatforms) = postSolution
		{F43C0F99-7503-4499-865A-AADC407C3D19}.Debug|Any CPU.ActiveCfg = Debug|Any CPU
		{F43C0F99-7503-4499-865A-AADC407C3D19}.Debug|Any CPU.Build.0 = Debug|Any CPU
		{F43C0F99-7503-4499-865A-AADC407C3D19}.Release|Any CPU.ActiveCfg = Release|Any CPU
		{F43C0F99-7503-4499-865A-AADC407C3D19}.Release|Any CPU.Build.0 = Release|Any CPU
	EndGlobalSection
	GlobalSection(SolutionProperties) = preSolution
		HideSolutionNode = FALSE
	EndGlobalSection
	GlobalSection(ExtensibilityGlobals) = postSolution
		SolutionGuid = {2A9BB038-D333-44CC-BE60-0B586330D759}
	EndGlobalSection
EndGlobal
